hash: 3bfa174363e34fec807e2c9957ad0aa6307a4b9918f3c756edf9d2d8f1188dee
updated: 2019-01-17T16:00:16.495791084-03:00
imports:
- name: github.com/armon/go-socks5
  version: e75332964ef517daa070d7c38a9466a0d687e0a5
- name: github.com/aybabtme/iocontrol
  version: ad15bcfc95a08d0b9d072012fb7618512aafb99b
- name: github.com/benbjohnson/clock
  version: 7dc76406b6d3c05b5f71a86293cbcf3c4ea03b19
- name: github.com/davecgh/go-spew
  version: d8f796af33cc11cb798c1aaeb27a4ebc5099927d
  subpackages:
  - spew
- name: github.com/dgrijalva/jwt-go
  version: 06ea1031745cb8b3dab3f6a236daf2b0aa468b7e
- name: github.com/jinzhu/gorm
  version: 472c70caa40267cb89fd8facb07fe6454b578626
  subpackages:
  - dialects/postgres
- name: github.com/lib/pq
  version: 9eb73efc1fcc404148b56765b0d3f61d9a5ef8ee
  subpackages:
  - hstore
  - oid
- name: github.com/mattes/migrate
  version: 4768a648fbd9e04389a73a21139d14a4ccb1a61a
  subpackages:
  - database
  - database/postgres
  - source
  - source/file
- name: github.com/pmezard/go-difflib
  version: 792786c7400a136282c1664665ae0a8db921c6c2
  subpackages:
  - difflib
- name: github.com/sony/gobreaker
  version: d928aaea92e15a2c8ab59efdfbb362844d8524e1
- name: github.com/stretchr/objx
  version: ef50b0de28773081167c97fc27cf29a0bf8b8c71
- name: github.com/stretchr/testify
  version: f35b8ab0b5a2cef36673838d662e249dd9c94686
  subpackages:
  - assert
  - mock
- name: github.com/Yapo/logger
  version: 91855e974718b8c68dd00e63817568f1f512a4cc
- name: golang.org/x/net
  version: e147a9138326bc0e9d4e179541ffd8af41cff8a9
  subpackages:
  - context
  - internal/socks
  - proxy
testImports: []
