hash: 822ce61a48b15b12294497234196ea2943549af1604aa5ab706121807a6858e2
updated: 2018-12-05T14:32:39.063447501-03:00
imports:
- name: github.com/dgrijalva/jwt-go
  version: 06ea1031745cb8b3dab3f6a236daf2b0aa468b7e
- name: github.com/go-redis/redis
  version: 1d1269e0cf72355a7731eb8aea9ecf3192266bb2
  subpackages:
  - internal
  - internal/consistenthash
  - internal/hashtag
  - internal/pool
  - internal/proto
  - internal/singleflight
  - internal/util
- name: github.com/jinzhu/gorm
  version: 472c70caa40267cb89fd8facb07fe6454b578626
  subpackages:
  - dialects/postgres
- name: github.com/lib/pq
  version: 9eb73efc1fcc404148b56765b0d3f61d9a5ef8ee
  subpackages:
  - hstore
  - oid
- name: github.com/mattes/migrate
  version: 4768a648fbd9e04389a73a21139d14a4ccb1a61a
  subpackages:
  - database
  - database/postgres
  - source
- name: github.com/Yapo/logger
  version: 91855e974718b8c68dd00e63817568f1f512a4cc
testImports:
- name: github.com/davecgh/go-spew
  version: d8f796af33cc11cb798c1aaeb27a4ebc5099927d
  subpackages:
  - spew
- name: github.com/pmezard/go-difflib
  version: 792786c7400a136282c1664665ae0a8db921c6c2
  subpackages:
  - difflib
- name: github.com/stretchr/testify
  version: f35b8ab0b5a2cef36673838d662e249dd9c94686
  subpackages:
  - assert
